
Microsoft Visual Studio Solution File, Format Version 12.00
# Visual Studio Version 17
VisualStudioVersion = 17.11.35312.102
MinimumVisualStudioVersion = 10.0.40219.1
Project("{9A19103F-16F7-4668-BE54-9A1E7A4F7556}") = "Gedcom7", "Gedcom7\Gedcom7.csproj", "{F0F50B1F-AE1F-44E3-9652-F48055B1C7A2}"
EndProject
Project("{9A19103F-16F7-4668-BE54-9A1E7A4F7556}") = "GedCompare", "GedCompare\GedCompare.csproj", "{6EEE864D-7180-4ADC-8A3A-FBCF1B177CD5}"
EndProject
Project("{9A19103F-16F7-4668-BE54-9A1E7A4F7556}") = "Tests", "Tests\Tests.csproj", "{EAA4865D-70D2-4961-9258-C008BD8399D7}"
EndProject
Project("{FAE04EC0-301F-11D3-BF4B-00C04F79EFBC}") = "GedValidate", "GedValidate\GedValidate.csproj", "{DA2D669B-4AE1-4FE9-BB98-1E0708974AF0}"
EndProject
Project("{FAE04EC0-301F-11D3-BF4B-00C04F79EFBC}") = "GedcomCommon", "GedcomCommon\GedcomCommon.csproj", "{9FB8F378-A21C-4749-8F07-72E4E8054E7E}"
EndProject
Project("{FAE04EC0-301F-11D3-BF4B-00C04F79EFBC}") = "Gedcom551", "Gedcom551\Gedcom551.csproj", "{5733ADD1-4E30-42E9-9556-C72097683AB7}"
EndProject
Project("{FAE04EC0-301F-11D3-BF4B-00C04F79EFBC}") = "GedcomLoader", "GedcomLoader\GedcomLoader.csproj", "{146B6485-581C-4302-8979-B42AADBE24A3}"
EndProject
Global
	GlobalSection(SolutionConfigurationPlatforms) = preSolution
		Debug|Any CPU = Debug|Any CPU
		Release|Any CPU = Release|Any CPU
	EndGlobalSection
	GlobalSection(ProjectConfigurationPlatforms) = postSolution
		{F0F50B1F-AE1F-44E3-9652-F48055B1C7A2}.Debug|Any CPU.ActiveCfg = Debug|Any CPU
		{F0F50B1F-AE1F-44E3-9652-F48055B1C7A2}.Debug|Any CPU.Build.0 = Debug|Any CPU
		{F0F50B1F-AE1F-44E3-9652-F48055B1C7A2}.Release|Any CPU.ActiveCfg = Release|Any CPU
		{F0F50B1F-AE1F-44E3-9652-F48055B1C7A2}.Release|Any CPU.Build.0 = Release|Any CPU
		{6EEE864D-7180-4ADC-8A3A-FBCF1B177CD5}.Debug|Any CPU.ActiveCfg = Debug|Any CPU
		{6EEE864D-7180-4ADC-8A3A-FBCF1B177CD5}.Debug|Any CPU.Build.0 = Debug|Any CPU
		{6EEE864D-7180-4ADC-8A3A-FBCF1B177CD5}.Release|Any CPU.ActiveCfg = Release|Any CPU
		{6EEE864D-7180-4ADC-8A3A-FBCF1B177CD5}.Release|Any CPU.Build.0 = Release|Any CPU
		{EAA4865D-70D2-4961-9258-C008BD8399D7}.Debug|Any CPU.ActiveCfg = Debug|Any CPU
		{EAA4865D-70D2-4961-9258-C008BD8399D7}.Debug|Any CPU.Build.0 = Debug|Any CPU
		{EAA4865D-70D2-4961-9258-C008BD8399D7}.Release|Any CPU.ActiveCfg = Release|Any CPU
		{EAA4865D-70D2-4961-9258-C008BD8399D7}.Release|Any CPU.Build.0 = Release|Any CPU
		{DA2D669B-4AE1-4FE9-BB98-1E0708974AF0}.Debug|Any CPU.ActiveCfg = Debug|Any CPU
		{DA2D669B-4AE1-4FE9-BB98-1E0708974AF0}.Debug|Any CPU.Build.0 = Debug|Any CPU
		{DA2D669B-4AE1-4FE9-BB98-1E0708974AF0}.Release|Any CPU.ActiveCfg = Release|Any CPU
		{DA2D669B-4AE1-4FE9-BB98-1E0708974AF0}.Release|Any CPU.Build.0 = Release|Any CPU
		{9FB8F378-A21C-4749-8F07-72E4E8054E7E}.Debug|Any CPU.ActiveCfg = Debug|Any CPU
		{9FB8F378-A21C-4749-8F07-72E4E8054E7E}.Debug|Any CPU.Build.0 = Debug|Any CPU
		{9FB8F378-A21C-4749-8F07-72E4E8054E7E}.Release|Any CPU.ActiveCfg = Release|Any CPU
		{9FB8F378-A21C-4749-8F07-72E4E8054E7E}.Release|Any CPU.Build.0 = Release|Any CPU
		{5733ADD1-4E30-42E9-9556-C72097683AB7}.Debug|Any CPU.ActiveCfg = Debug|Any CPU
		{5733ADD1-4E30-42E9-9556-C72097683AB7}.Debug|Any CPU.Build.0 = Debug|Any CPU
		{5733ADD1-4E30-42E9-9556-C72097683AB7}.Release|Any CPU.ActiveCfg = Release|Any CPU
		{5733ADD1-4E30-42E9-9556-C72097683AB7}.Release|Any CPU.Build.0 = Release|Any CPU
		{146B6485-581C-4302-8979-B42AADBE24A3}.Debug|Any CPU.ActiveCfg = Debug|Any CPU
		{146B6485-581C-4302-8979-B42AADBE24A3}.Debug|Any CPU.Build.0 = Debug|Any CPU
		{146B6485-581C-4302-8979-B42AADBE24A3}.Release|Any CPU.ActiveCfg = Release|Any CPU
		{146B6485-581C-4302-8979-B42AADBE24A3}.Release|Any CPU.Build.0 = Release|Any CPU
	EndGlobalSection
	GlobalSection(SolutionProperties) = preSolution
		HideSolutionNode = FALSE
	EndGlobalSection
	GlobalSection(ExtensibilityGlobals) = postSolution
		SolutionGuid = {C14D644E-354C-4635-AC21-342BF5037ECE}
	EndGlobalSection
EndGlobal
